
Microsoft Visual Studio Solution File, Format Version 12.00
# Visual Studio Version 16
VisualStudioVersion = 16.0.30002.166
MinimumVisualStudioVersion = 10.0.40219.1
Project("{FAE04EC0-301F-11D3-BF4B-00C04F79EFBC}") = "coreApiBase", "coreApiBase\coreApiBase.csproj", "{4B8D2CF8-0EC6-43E5-A637-B67CBE8DDA0D}"
EndProject
Global
	GlobalSection(SolutionConfigurationPlatforms) = preSolution
		Debug|Any CPU = Debug|Any CPU
		Release|Any CPU = Release|Any CPU
	EndGlobalSection
	GlobalSection(ProjectConfigurationPlatforms) = postSolution
		{4B8D2CF8-0EC6-43E5-A637-B67CBE8DDA0D}.Debug|Any CPU.ActiveCfg = Debug|Any CPU
		{4B8D2CF8-0EC6-43E5-A637-B67CBE8DDA0D}.Debug|Any CPU.Build.0 = Debug|Any CPU
		{4B8D2CF8-0EC6-43E5-A637-B67CBE8DDA0D}.Release|Any CPU.ActiveCfg = Release|Any CPU
		{4B8D2CF8-0EC6-43E5-A637-B67CBE8DDA0D}.Release|Any CPU.Build.0 = Release|Any CPU
	EndGlobalSection
	GlobalSection(SolutionProperties) = preSolution
		HideSolutionNode = FALSE
	EndGlobalSection
	GlobalSection(ExtensibilityGlobals) = postSolution
		SolutionGuid = {07393E0A-9E46-4DD2-9FBE-4AD1994DAAF6}
	EndGlobalSection
EndGlobal
