
Microsoft Visual Studio Solution File, Format Version 12.00
# Visual Studio Version 16
VisualStudioVersion = 16.0.30002.166
MinimumVisualStudioVersion = 10.0.40219.1
Project("{9A19103F-16F7-4668-BE54-9A1E7A4F7556}") = "coreApiBase", "coreApiBase\coreApiBase.csproj", "{4B8D2CF8-0EC6-43E5-A637-B67CBE8DDA0D}"
EndProject
Project("{9A19103F-16F7-4668-BE54-9A1E7A4F7556}") = "BulkSms", "BulkSms\BulkSms.csproj", "{64209E83-FE0C-4693-9837-837C51AB71A1}"
EndProject
Project("{9A19103F-16F7-4668-BE54-9A1E7A4F7556}") = "JwtAuthentication", "..\..\classLibraries\dotnet3\JwtAuthentication\JwtAuthentication.csproj", "{0D7F116D-61DA-4D15-8DA0-AD3AE4C7F0A4}"
EndProject
Global
	GlobalSection(SolutionConfigurationPlatforms) = preSolution
		Debug|Any CPU = Debug|Any CPU
		Release|Any CPU = Release|Any CPU
	EndGlobalSection
	GlobalSection(ProjectConfigurationPlatforms) = postSolution
		{4B8D2CF8-0EC6-43E5-A637-B67CBE8DDA0D}.Debug|Any CPU.ActiveCfg = Debug|Any CPU
		{4B8D2CF8-0EC6-43E5-A637-B67CBE8DDA0D}.Debug|Any CPU.Build.0 = Debug|Any CPU
		{4B8D2CF8-0EC6-43E5-A637-B67CBE8DDA0D}.Release|Any CPU.ActiveCfg = Release|Any CPU
		{4B8D2CF8-0EC6-43E5-A637-B67CBE8DDA0D}.Release|Any CPU.Build.0 = Release|Any CPU
		{64209E83-FE0C-4693-9837-837C51AB71A1}.Debug|Any CPU.ActiveCfg = Debug|Any CPU
		{64209E83-FE0C-4693-9837-837C51AB71A1}.Debug|Any CPU.Build.0 = Debug|Any CPU
		{64209E83-FE0C-4693-9837-837C51AB71A1}.Release|Any CPU.ActiveCfg = Release|Any CPU
		{64209E83-FE0C-4693-9837-837C51AB71A1}.Release|Any CPU.Build.0 = Release|Any CPU
		{0D7F116D-61DA-4D15-8DA0-AD3AE4C7F0A4}.Debug|Any CPU.ActiveCfg = Debug|Any CPU
		{0D7F116D-61DA-4D15-8DA0-AD3AE4C7F0A4}.Debug|Any CPU.Build.0 = Debug|Any CPU
		{0D7F116D-61DA-4D15-8DA0-AD3AE4C7F0A4}.Release|Any CPU.ActiveCfg = Release|Any CPU
		{0D7F116D-61DA-4D15-8DA0-AD3AE4C7F0A4}.Release|Any CPU.Build.0 = Release|Any CPU
	EndGlobalSection
	GlobalSection(SolutionProperties) = preSolution
		HideSolutionNode = FALSE
	EndGlobalSection
	GlobalSection(ExtensibilityGlobals) = postSolution
		SolutionGuid = {07393E0A-9E46-4DD2-9FBE-4AD1994DAAF6}
	EndGlobalSection
EndGlobal
